# This file was autogenerated by uv via the following command:
#    echo 'yt-dlp[pin-deno]==2026.08.19' | uv pip compile --universal --generate-hashes --only-binary :all: --python-version 3.14 --exclude-newer '7 days' --exclude-newer-package yt-dlp=false --exclude-newer-package deno=false --no-emit-package yt-dlp - -o requirements-deno.lock
deno==2.9.5 \
    --hash=sha256:2f9681d7d2118a5e92e18915d1d88a6966fd6173ba4a8fb772f04080057e5a6a \
    --hash=sha256:570d4ee6f1ddb16d14848d36dac6cd2f586d8a0c94cf9c3e6b5da130da2597d5 \
    --hash=sha256:696dffb666d6336a3527857b2f9b665db33b07883bb6adc3595dbb3b78748cf1 \
    --hash=sha256:bccec0965917b6daa323f9ce6ad8e884e0854506b0cdaec9de41bdac7620109a \
    --hash=sha256:d321f54f82cb535904a108afd970c1c3e1db23716db1ab0cda5e0ca993dbf824 \
    --hash=sha256:e5aec0419739fd0359663a78765d4feda19d1d0b60a682d25add9b78e19f95b4
    # via yt-dlp

# The following packages were excluded from the output:
# yt-dlp
